<?xml version="1.0" encoding="utf-8"?>
<Project ToolsVersion="4.0" xmlns="http://schemas.microsoft.com/developer/msbuild/2003">
  <ItemGroup>
    <Filter Include="Source Files">
      <UniqueIdentifier>{a688aa95-4cb5-493f-b747-d24849ed0f88}</UniqueIdentifier>
      <Extensions>cpp;c;cxx;def;odl;idl;hpj;bat;asm;asmx</Extensions>
    </Filter>
    <Filter Include="Header Files">
      <UniqueIdentifier>{841b208a-d93f-4772-a03d-2f28cff883ee}</UniqueIdentifier>
      <Extensions>h;hpp;hxx;hm;inl;inc;xsd</Extensions>
    </Filter>
  </ItemGroup>
  <ItemGroup>
    <ClCompile Include="..\src\cli.cpp">
      <Filter>Source Files</Filter>
    </ClCompile>
    <ClCompile Include="..\src\repsock.cpp">
      <Filter>Source Files</Filter>
    </ClCompile>
    <ClCompile Include="..\src\stdtp.cpp">
      <Filter>Source Files</Filter>
    </ClCompile>
    <ClCompile Include="..\src\w32sock.cpp">
      <Filter>Source Files</Filter>
    </ClCompile>
  </ItemGroup>
  <ItemGroup>
    <ClInclude Include="..\inc\array.h">
      <Filter>Header Files</Filter>
    </ClInclude>
    <ClInclude Include="..\inc\cli.h">
      <Filter>Header Files</Filter>
    </ClInclude>
    <ClInclude Include="..\inc\cliproto.h">
      <Filter>Header Files</Filter>
    </ClInclude>
    <ClInclude Include="..\inc\repsock.h">
      <Filter>Header Files</Filter>
    </ClInclude>
  </ItemGroup>
</Project>